
Microsoft Visual Studio Solution File, Format Version 12.00
# Visual Studio Version 17
VisualStudioVersion = 17.8.34004.107
MinimumVisualStudioVersion = 10.0.40219.1
Project("{9A19103F-16F7-4668-BE54-9A1E7A4F7556}") = "BlazorFocused.Exceptions.Middleware", "..\src\Middleware\src\BlazorFocused.Exceptions.Middleware.csproj", "{9CA72AC1-BA2D-4EE6-A562-BC84B98AE192}"
EndProject
Project("{2150E333-8FDC-42A3-9474-1A3956D46DE8}") = "_Configuration", "_Configuration", "{29F3FEAB-CFED-467D-8953-8FBD56707CFF}"
	ProjectSection(SolutionItems) = preProject
		Directory.Build.targets = Directory.Build.targets
		Directory.Packages.props = Directory.Packages.props
	EndProjectSection
EndProject
Project("{2150E333-8FDC-42A3-9474-1A3956D46DE8}") = "src", "src", "{4FF3865D-3154-49E9-8B12-1A5A92FC4742}"
EndProject
Project("{9A19103F-16F7-4668-BE54-9A1E7A4F7556}") = "MiddlewareSample.Api", "MiddlewareSample\MiddlewareSample.Api\MiddlewareSample.Api.csproj", "{5EAD23A4-C5E9-4D20-8A62-246424BF9844}"
EndProject
Project("{9A19103F-16F7-4668-BE54-9A1E7A4F7556}") = "MiddlewareSample.Api.Test", "MiddlewareSample\MiddlewareSample.Api.Test\MiddlewareSample.Api.Test.csproj", "{72EDA5A6-FFA8-4566-A053-D4793DEC5954}"
EndProject
Global
	GlobalSection(SolutionConfigurationPlatforms) = preSolution
		Debug|Any CPU = Debug|Any CPU
		Release|Any CPU = Release|Any CPU
	EndGlobalSection
	GlobalSection(ProjectConfigurationPlatforms) = postSolution
		{9CA72AC1-BA2D-4EE6-A562-BC84B98AE192}.Debug|Any CPU.ActiveCfg = Debug|Any CPU
		{9CA72AC1-BA2D-4EE6-A562-BC84B98AE192}.Debug|Any CPU.Build.0 = Debug|Any CPU
		{9CA72AC1-BA2D-4EE6-A562-BC84B98AE192}.Release|Any CPU.ActiveCfg = Release|Any CPU
		{9CA72AC1-BA2D-4EE6-A562-BC84B98AE192}.Release|Any CPU.Build.0 = Release|Any CPU
		{5EAD23A4-C5E9-4D20-8A62-246424BF9844}.Debug|Any CPU.ActiveCfg = Debug|Any CPU
		{5EAD23A4-C5E9-4D20-8A62-246424BF9844}.Debug|Any CPU.Build.0 = Debug|Any CPU
		{5EAD23A4-C5E9-4D20-8A62-246424BF9844}.Release|Any CPU.ActiveCfg = Release|Any CPU
		{5EAD23A4-C5E9-4D20-8A62-246424BF9844}.Release|Any CPU.Build.0 = Release|Any CPU
		{72EDA5A6-FFA8-4566-A053-D4793DEC5954}.Debug|Any CPU.ActiveCfg = Debug|Any CPU
		{72EDA5A6-FFA8-4566-A053-D4793DEC5954}.Debug|Any CPU.Build.0 = Debug|Any CPU
		{72EDA5A6-FFA8-4566-A053-D4793DEC5954}.Release|Any CPU.ActiveCfg = Release|Any CPU
		{72EDA5A6-FFA8-4566-A053-D4793DEC5954}.Release|Any CPU.Build.0 = Release|Any CPU
	EndGlobalSection
	GlobalSection(SolutionProperties) = preSolution
		HideSolutionNode = FALSE
	EndGlobalSection
	GlobalSection(NestedProjects) = preSolution
		{9CA72AC1-BA2D-4EE6-A562-BC84B98AE192} = {4FF3865D-3154-49E9-8B12-1A5A92FC4742}
	EndGlobalSection
	GlobalSection(ExtensibilityGlobals) = postSolution
		SolutionGuid = {A3A52089-33A6-40DA-89B1-FE2A7F454E12}
	EndGlobalSection
EndGlobal
